
Microsoft Visual Studio Solution File, Format Version 12.00
# Visual Studio 14
VisualStudioVersion = 14.0.25420.1
MinimumVisualStudioVersion = 10.0.40219.1
Project("{FAE04EC0-301F-11D3-BF4B-00C04F79EFBC}") = "TrappersHouseOfCards", "TrappersHouseOfCards\TrappersHouseOfCards.csproj", "{4FE08E88-0D82-4965-8F01-8B70FABDD4F6}"
EndProject
Project("{FAE04EC0-301F-11D3-BF4B-00C04F79EFBC}") = "TrappersPizzazzTests", "TrappersPizzazzTests\TrappersPizzazzTests.csproj", "{17B7A3A6-5F0B-482F-AEAC-C4526C83E440}"
EndProject
Project("{FAE04EC0-301F-11D3-BF4B-00C04F79EFBC}") = "TrappersPizzazz", "TrappersPizzazz\TrappersPizzazz.csproj", "{B0360554-162F-49F2-AAF6-26A55B292923}"
EndProject
Global
	GlobalSection(SolutionConfigurationPlatforms) = preSolution
		Debug|Any CPU = Debug|Any CPU
		Release|Any CPU = Release|Any CPU
	EndGlobalSection
	GlobalSection(ProjectConfigurationPlatforms) = postSolution
		{4FE08E88-0D82-4965-8F01-8B70FABDD4F6}.Debug|Any CPU.ActiveCfg = Debug|Any CPU
		{4FE08E88-0D82-4965-8F01-8B70FABDD4F6}.Debug|Any CPU.Build.0 = Debug|Any CPU
		{4FE08E88-0D82-4965-8F01-8B70FABDD4F6}.Release|Any CPU.ActiveCfg = Release|Any CPU
		{4FE08E88-0D82-4965-8F01-8B70FABDD4F6}.Release|Any CPU.Build.0 = Release|Any CPU
		{17B7A3A6-5F0B-482F-AEAC-C4526C83E440}.Debug|Any CPU.ActiveCfg = Debug|Any CPU
		{17B7A3A6-5F0B-482F-AEAC-C4526C83E440}.Debug|Any CPU.Build.0 = Debug|Any CPU
		{17B7A3A6-5F0B-482F-AEAC-C4526C83E440}.Release|Any CPU.ActiveCfg = Release|Any CPU
		{17B7A3A6-5F0B-482F-AEAC-C4526C83E440}.Release|Any CPU.Build.0 = Release|Any CPU
		{B0360554-162F-49F2-AAF6-26A55B292923}.Debug|Any CPU.ActiveCfg = Debug|Any CPU
		{B0360554-162F-49F2-AAF6-26A55B292923}.Debug|Any CPU.Build.0 = Debug|Any CPU
		{B0360554-162F-49F2-AAF6-26A55B292923}.Release|Any CPU.ActiveCfg = Release|Any CPU
		{B0360554-162F-49F2-AAF6-26A55B292923}.Release|Any CPU.Build.0 = Release|Any CPU
	EndGlobalSection
	GlobalSection(SolutionProperties) = preSolution
		HideSolutionNode = FALSE
	EndGlobalSection
EndGlobal
